%{
  "aja": {:hex, :aja, "0.6.5", "e780fce3de247d86bb25097726021c5c53ebe383300290e26c61e4d36bfe85e8", [:mix], [{:jason, "~> 1.2", [hex: :jason, repo: "hexpm", optional: true]}], "hexpm", "cd377ac20f487dd7987be13772c37eb2f42ab038c0654714a1ecb3607f9e8590"},
  "arrays": {:hex, :arrays, "2.1.1", "4c495cddeb5d31814a739e79db42d012e62ec033902597b7b930c221cc8a3fca", [:mix], [{:extractable, "~> 1.0", [hex: :extractable, repo: "hexpm", optional: false]}, {:fun_land, "~> 0.10.0", [hex: :fun_land, repo: "hexpm", optional: true]}, {:insertable, "~> 1.0", [hex: :insertable, repo: "hexpm", optional: false]}], "hexpm", "f6c03081303e3240267e048f44f821305100ae824030208131b30ae5a681f33a"},
  "arrays_aja": {:hex, :arrays_aja, "0.2.0", "36331c03b022a6c8e76fe7aa64d7bb9a3ff2ce9dfd3b510ca03515a4fe8201f6", [:mix], [{:aja, "~> 0.6.0", [hex: :aja, repo: "hexpm", optional: false]}, {:arrays, "~> 2.0", [hex: :arrays, repo: "hexpm", optional: false]}], "hexpm", "89f5b01904ca0ca10bc44da6c827fb3f5dabaf0e5a026f33a822f60bc8291ac5"},
  "bitgraph": {:hex, :bitgraph, "0.1.15", "8b05473e3f56456790122c674faf4a793d555c7bf9ae7c8e8d5d25963f19c1cb", [:mix], [{:arrays, "~> 2.1", [hex: :arrays, repo: "hexpm", optional: false]}, {:arrays_aja, "~> 0.2.0", [hex: :arrays_aja, repo: "hexpm", optional: false]}], "hexpm", "ad35b27cfb0716962c8224ff730b0c48a491d4104ecf7428ef2a71cbd30b7d73"},
  "castore": {:hex, :castore, "1.0.14", "4582dd7d630b48cf5e1ca8d3d42494db51e406b7ba704e81fbd401866366896a", [:mix], [], "hexpm", "7bc1b65249d31701393edaaac18ec8398d8974d52c647b7904d01b964137b9f4"},
  "extractable": {:hex, :extractable, "1.0.1", "2cf2b213cbda82eb578c821de48fa313cddfa7573b256bce4306248f56b44509", [:mix], [{:type_check, "~> 0.8", [hex: :type_check, repo: "hexpm", optional: false]}], "hexpm", "820e9db7550a62c7d63b760a8da51ab2341ba425563955db005baadcb403b046"},
  "fixpoint": {:hex, :fixpoint, "0.11.6", "9d90f57b3626381e4756be6c7259b32a0a6426d7b799764d02b302b5e45cd5a0", [:mix], [{:arrays, "~> 2.1", [hex: :arrays, repo: "hexpm", optional: false]}, {:arrays_aja, "~> 0.2.0", [hex: :arrays_aja, repo: "hexpm", optional: false]}, {:bitgraph, "~> 0.1", [hex: :bitgraph, repo: "hexpm", optional: false]}, {:libgraph, "~> 0.16.0", [hex: :libgraph, repo: "hexpm", optional: false]}], "hexpm", "9eac64984f85e2c59e99756016809d31489dbf3ecd0d9d180d14c532df437069"},
  "insertable": {:hex, :insertable, "1.0.0", "879c7023b5491bbb694dff78422c94faded616fda963e529916343bc6e35162f", [:mix], [{:type_check, "~> 0.8", [hex: :type_check, repo: "hexpm", optional: false]}], "hexpm", "4b3f60169221a1ace67fdfe8b0d3c35708c098e55df549d4a374b9a7b0255af4"},
  "jason": {:hex, :jason, "1.4.4", "b9226785a9aa77b6857ca22832cffa5d5011a667207eb2a0ad56adb5db443b8a", [:mix], [{:decimal, "~> 1.0 or ~> 2.0", [hex: :decimal, repo: "hexpm", optional: true]}], "hexpm", "c5eb0cab91f094599f94d55bc63409236a8ec69a21a67814529e8d5f6cc90b3b"},
  "libgraph": {:hex, :libgraph, "0.16.0", "3936f3eca6ef826e08880230f806bfea13193e49bf153f93edcf0239d4fd1d07", [:mix], [], "hexpm", "41ca92240e8a4138c30a7e06466acc709b0cbb795c643e9e17174a178982d6bf"},
  "porcelain": {:hex, :porcelain, "2.0.3", "2d77b17d1f21fed875b8c5ecba72a01533db2013bd2e5e62c6d286c029150fdc", [:mix], [], "hexpm", "dc996ab8fadbc09912c787c7ab8673065e50ea1a6245177b0c24569013d23620"},
  "type_check": {:hex, :type_check, "0.13.7", "33eb757336d6a0414a23e4319f38d02aaded41fb944a25239cce33186f2c9ec2", [:mix], [{:castore, "~> 1.0", [hex: :castore, repo: "hexpm", optional: false]}, {:credo, "~> 1.5", [hex: :credo, repo: "hexpm", optional: true]}, {:stream_data, "~> 1.0", [hex: :stream_data, repo: "hexpm", optional: true]}], "hexpm", "bfb847345f025291f5c2301aa111090df171279a4f7d1f6bc0ec155b0437c712"},
}
